{
    "_readme": [
        "This file locks the dependencies of your project to a known state",
        "Read more about it at http://getcomposer.org/doc/01-basic-usage.md#composer-lock-the-lock-file",
        "This file is @generated automatically"
    ],
    "hash": "16b3e78a3931415367a85f8103c591ff",
    "packages": [
        {
            "name": "aura/router",
            "version": "2.2.0",
            "source": {
                "type": "git",
                "url": "https://github.com/auraphp/Aura.Router.git",
                "reference": "2544c687a5074ca8ce0dbe6d27a04c006a118e2a"
            },
            "dist": {
                "type": "zip",
                "url": "https://api.github.com/repos/auraphp/Aura.Router/zipball/2544c687a5074ca8ce0dbe6d27a04c006a118e2a",
                "reference": "2544c687a5074ca8ce0dbe6d27a04c006a118e2a",
                "shasum": ""
            },
            "require": {
                "php": ">=5.3.0"
            },
            "type": "library",
            "extra": {
                "aura": {
                    "type": "library",
                    "config": {
                        "common": "Aura\\Router\\_Config\\Common"
                    }
                },
                "branch-alias": {
                    "dev-develop-2": "2.0.x-dev"
                }
            },
            "autoload": {
                "psr-4": {
                    "Aura\\Router\\": "src/",
                    "Aura\\Router\\_Config\\": "config/"
                }
            },
            "notification-url": "https://packagist.org/downloads/",
            "license": [
                "BSD-2-Clause"
            ],
            "authors": [
                {
                    "name": "Aura.Router Contributors",
                    "homepage": "https://github.com/auraphp/Aura.Router/contributors"
                }
            ],
            "description": "A web router implementation; given a URI path and a copy of $_SERVER, it will extract path-info parameter values for a specific route.",
            "homepage": "https://github.com/auraphp/Aura.Router",
            "keywords": [
                "route",
                "router",
                "routing"
            ],
            "time": "2014-11-10 15:51:58"
        },
        {
            "name": "crell/transformer",
            "version": "dev-master",
            "source": {
                "type": "git",
                "url": "https://github.com/Crell/Transformer.git",
                "reference": "47cbe3aa872091a1afe5557499468d1a2119e05b"
            },
            "dist": {
                "type": "zip",
                "url": "https://api.github.com/repos/Crell/Transformer/zipball/47cbe3aa872091a1afe5557499468d1a2119e05b",
                "reference": "47cbe3aa872091a1afe5557499468d1a2119e05b",
                "shasum": ""
            },
            "require-dev": {
                "codeclimate/php-test-reporter": "dev-master",
                "phpunit/phpunit": "~4.4"
            },
            "type": "library",
            "autoload": {
                "psr-4": {
                    "Crell\\Transformer\\": "src/",
                    "Crell\\Transformer\\Tests\\": "tests/"
                }
            },
            "notification-url": "https://packagist.org/downloads/",
            "license": [
                "MIT"
            ],
            "authors": [
                {
                    "name": "Larry Garfield",
                    "email": "larry@garfieldtech.com"
                }
            ],
            "description": "A simple object transformation library",
            "time": "2015-01-22 21:09:50"
        },
        {
            "name": "phly/http",
            "version": "0.9.1",
            "source": {
                "type": "git",
                "url": "https://github.com/phly/http.git",
                "reference": "e3033b2ceae4c7b560d85540f8e4251c9b7aa2dd"
            },
            "dist": {
                "type": "zip",
                "url": "https://api.github.com/repos/phly/http/zipball/e3033b2ceae4c7b560d85540f8e4251c9b7aa2dd",
                "reference": "e3033b2ceae4c7b560d85540f8e4251c9b7aa2dd",
                "shasum": ""
            },
            "require": {
                "php": ">=5.4.8",
                "psr/http-message": "~0.6.0"
            },
            "require-dev": {
                "phpunit/phpunit": "3.7.*",
                "squizlabs/php_codesniffer": "1.5.*"
            },
            "type": "library",
            "extra": {
                "branch-alias": {
                    "dev-master": "1.0-dev",
                    "dev-develop": "1.1-dev"
                }
            },
            "autoload": {
                "psr-4": {
                    "Phly\\Http\\": "src/"
                }
            },
            "notification-url": "https://packagist.org/downloads/",
            "license": [
                "BSD-2-Clause"
            ],
            "authors": [
                {
                    "name": "Matthew Weier O'Phinney",
                    "email": "matthew@weierophinney.net",
                    "homepage": "http://mwop.net"
                }
            ],
            "description": "PSR HTTP Message implementations",
            "homepage": "https://github.com/phly/http",
            "keywords": [
                "http"
            ],
            "time": "2015-01-27 21:53:37"
        },
        {
            "name": "psr/http-message",
            "version": "0.6.0",
            "source": {
                "type": "git",
                "url": "https://github.com/php-fig/http-message.git",
                "reference": "70d7c442866f109cbda7f9dea8938e47fc3cc20c"
            },
            "dist": {
                "type": "zip",
                "url": "https://api.github.com/repos/php-fig/http-message/zipball/70d7c442866f109cbda7f9dea8938e47fc3cc20c",
                "reference": "70d7c442866f109cbda7f9dea8938e47fc3cc20c",
                "shasum": ""
            },
            "type": "library",
            "extra": {
                "branch-alias": {
                    "dev-master": "1.0.x-dev"
                }
            },
            "autoload": {
                "psr-4": {
                    "Psr\\Http\\Message\\": "src"
                }
            },
            "notification-url": "https://packagist.org/downloads/",
            "license": [
                "MIT"
            ],
            "authors": [
                {
                    "name": "PHP-FIG",
                    "homepage": "http://www.php-fig.org/"
                }
            ],
            "description": "Common interface for HTTP messages",
            "keywords": [
                "http",
                "http-message",
                "psr",
                "psr-7",
                "request",
                "response"
            ],
            "time": "2015-01-18 23:26:37"
        },
        {
            "name": "symfony/serializer",
            "version": "2.7.x-dev",
            "target-dir": "Symfony/Component/Serializer",
            "source": {
                "type": "git",
                "url": "https://github.com/symfony/Serializer.git",
                "reference": "47849771bb13837bdf384481ff75d996c6f0cf20"
            },
            "dist": {
                "type": "zip",
                "url": "https://api.github.com/repos/symfony/Serializer/zipball/47849771bb13837bdf384481ff75d996c6f0cf20",
                "reference": "47849771bb13837bdf384481ff75d996c6f0cf20",
                "shasum": ""
            },
            "require": {
                "php": ">=5.3.9"
            },
            "require-dev": {
                "doctrine/annotations": "~1.0",
                "doctrine/cache": "~1.0",
                "symfony/config": "~2.2|~3.0.0",
                "symfony/yaml": "~2.0|~3.0.0"
            },
            "suggest": {
                "doctrine/annotations": "For using the annotation mapping. You will also need doctrine/cache.",
                "doctrine/cache": "For using the default cached annotation reader and metadata cache.",
                "symfony/config": "For using the XML mapping loader.",
                "symfony/yaml": "For using the default YAML mapping loader."
            },
            "type": "library",
            "extra": {
                "branch-alias": {
                    "dev-master": "2.7-dev"
                }
            },
            "autoload": {
                "psr-0": {
                    "Symfony\\Component\\Serializer\\": ""
                }
            },
            "notification-url": "https://packagist.org/downloads/",
            "license": [
                "MIT"
            ],
            "authors": [
                {
                    "name": "Symfony Community",
                    "homepage": "http://symfony.com/contributors"
                },
                {
                    "name": "Fabien Potencier",
                    "email": "fabien@symfony.com"
                }
            ],
            "description": "Symfony Serializer Component",
            "homepage": "http://symfony.com",
            "time": "2015-01-28 07:13:07"
        },
        {
            "name": "willdurand/negotiation",
            "version": "dev-master",
            "source": {
                "type": "git",
                "url": "https://github.com/willdurand/Negotiation.git",
                "reference": "17b357c97175840200699012c8c536b4f6d43034"
            },
            "dist": {
                "type": "zip",
                "url": "https://api.github.com/repos/willdurand/Negotiation/zipball/17b357c97175840200699012c8c536b4f6d43034",
                "reference": "17b357c97175840200699012c8c536b4f6d43034",
                "shasum": ""
            },
            "require": {
                "php": ">=5.3.0"
            },
            "type": "library",
            "extra": {
                "branch-alias": {
                    "dev-master": "1.3-dev"
                }
            },
            "autoload": {
                "psr-0": {
                    "Negotiation": "src/"
                }
            },
            "notification-url": "https://packagist.org/downloads/",
            "license": [
                "MIT"
            ],
            "authors": [
                {
                    "name": "William Durand",
                    "email": "william.durand1@gmail.com"
                }
            ],
            "description": "Content Negotiation tools for PHP provided as a standalone library.",
            "homepage": "http://williamdurand.fr/Negotiation/",
            "keywords": [
                "accept",
                "content",
                "format",
                "header",
                "negotiation"
            ],
            "time": "2014-10-29 23:21:49"
        },
        {
            "name": "willdurand/stack-negotiation",
            "version": "dev-master",
            "source": {
                "type": "git",
                "url": "https://github.com/willdurand/StackNegotiation.git",
                "reference": "d3e185e7de7302fdad6230973f408a8795ab86bd"
            },
            "dist": {
                "type": "zip",
                "url": "https://api.github.com/repos/willdurand/StackNegotiation/zipball/d3e185e7de7302fdad6230973f408a8795ab86bd",
                "reference": "d3e185e7de7302fdad6230973f408a8795ab86bd",
                "shasum": ""
            },
            "require": {
                "php": ">=5.4.0",
                "symfony/serializer": "~2.1",
                "willdurand/negotiation": "~1.3"
            },
            "require-dev": {
                "phpunit/phpunit": "~3.7",
                "symfony/http-kernel": "~2.1"
            },
            "type": "library",
            "extra": {
                "branch-alias": {
                    "dev-master": "1.0-dev"
                }
            },
            "autoload": {
                "psr-0": {
                    "Negotiation": "src/"
                }
            },
            "notification-url": "https://packagist.org/downloads/",
            "license": [
                "MIT"
            ],
            "authors": [
                {
                    "name": "William Durand",
                    "email": "william.durand1@gmail.com"
                }
            ],
            "description": "Stack middleware for content negotiation.",
            "time": "2014-10-28 15:35:05"
        }
    ],
    "packages-dev": [],
    "aliases": [],
    "minimum-stability": "dev",
    "stability-flags": {
        "crell/transformer": 20,
        "willdurand/stack-negotiation": 20
    },
    "prefer-stable": false,
    "prefer-lowest": false,
    "platform": [],
    "platform-dev": []
}
